
Microsoft Visual Studio Solution File, Format Version 12.00
# Visual Studio Version 16
VisualStudioVersion = 16.0.30523.141
MinimumVisualStudioVersion = 10.0.40219.1
Project("{00D1A9C2-B5F0-4AF3-8072-F6C62B433612}") = "Database1", "Database1\Database1.sqlproj", "{BD44D056-67E6-4842-8CBD-ADC2B9A59EC9}"
EndProject
Global
	GlobalSection(SolutionConfigurationPlatforms) = preSolution
		Debug|Any CPU = Debug|Any CPU
		Release|Any CPU = Release|Any CPU
	EndGlobalSection
	GlobalSection(ProjectConfigurationPlatforms) = postSolution
		{BD44D056-67E6-4842-8CBD-ADC2B9A59EC9}.Debug|Any CPU.ActiveCfg = Debug|Any CPU
		{BD44D056-67E6-4842-8CBD-ADC2B9A59EC9}.Debug|Any CPU.Build.0 = Debug|Any CPU
		{BD44D056-67E6-4842-8CBD-ADC2B9A59EC9}.Debug|Any CPU.Deploy.0 = Debug|Any CPU
		{BD44D056-67E6-4842-8CBD-ADC2B9A59EC9}.Release|Any CPU.ActiveCfg = Release|Any CPU
		{BD44D056-67E6-4842-8CBD-ADC2B9A59EC9}.Release|Any CPU.Build.0 = Release|Any CPU
		{BD44D056-67E6-4842-8CBD-ADC2B9A59EC9}.Release|Any CPU.Deploy.0 = Release|Any CPU
	EndGlobalSection
	GlobalSection(SolutionProperties) = preSolution
		HideSolutionNode = FALSE
	EndGlobalSection
	GlobalSection(ExtensibilityGlobals) = postSolution
		SolutionGuid = {FB730140-EB7B-4113-8130-B4A868772FC7}
	EndGlobalSection
EndGlobal
